<?xml version="1.0" encoding="utf-8"?>
<Project ToolsVersion="4.0" xmlns="http://schemas.microsoft.com/developer/msbuild/2003">
  <ItemGroup>
    <Filter Include="ソース ファイル">
      <UniqueIdentifier>{4FC737F1-C7A5-4376-A066-2A32D752A2FF}</UniqueIdentifier>
      <Extensions>cpp;c;cc;cxx;def;odl;idl;hpj;bat;asm;asmx</Extensions>
    </Filter>
    <Filter Include="ヘッダー ファイル">
      <UniqueIdentifier>{93995380-89BD-4b04-88EB-625FBE52EBFB}</UniqueIdentifier>
      <Extensions>h;hh;hpp;hxx;hm;inl;inc;xsd</Extensions>
    </Filter>
    <Filter Include="リソース ファイル">
      <UniqueIdentifier>{67DA6AB6-F800-4c08-8B7A-83BB121AAD01}</UniqueIdentifier>
      <Extensions>rc;ico;cur;bmp;dlg;rc2;rct;bin;rgs;gif;jpg;jpeg;jpe;resx;tiff;tif;png;wav;mfcribbon-ms</Extensions>
    </Filter>
    <Filter Include="ソース ファイル\完成済み">
      <UniqueIdentifier>{5e37b0b7-0f91-48fe-b9f5-f0f71d8e33d1}</UniqueIdentifier>
    </Filter>
    <Filter Include="tupleple">
      <UniqueIdentifier>{b2282b0c-d72c-43e2-adc7-9e0f147e5eae}</UniqueIdentifier>
    </Filter>
    <Filter Include="tupleple\utility">
      <UniqueIdentifier>{e5b79b42-7565-4e4c-92fc-aebe97f72583}</UniqueIdentifier>
    </Filter>
    <Filter Include="tupleple\type_list">
      <UniqueIdentifier>{c6095aa6-1740-480b-8026-6cf0e6916f1b}</UniqueIdentifier>
    </Filter>
    <Filter Include="tupleple\view">
      <UniqueIdentifier>{8d8f5a56-6429-4fa3-91eb-67a689ef5307}</UniqueIdentifier>
    </Filter>
    <Filter Include="tupleple\algorithm">
      <UniqueIdentifier>{ceb59070-9586-40a7-b6c0-8cee992db518}</UniqueIdentifier>
    </Filter>
    <Filter Include="tupleple\index_tuple">
      <UniqueIdentifier>{22a23c76-46ef-45c1-9e5c-5c342c3f52e4}</UniqueIdentifier>
    </Filter>
  </ItemGroup>
  <ItemGroup>
    <ClCompile Include="main.cpp">
      <Filter>ソース ファイル</Filter>
    </ClCompile>
  </ItemGroup>
  <ItemGroup>
    <ClInclude Include="zip.hpp">
      <Filter>ソース ファイル</Filter>
    </ClInclude>
    <ClInclude Include="lnTuple.h">
      <Filter>ヘッダー ファイル</Filter>
    </ClInclude>
    <ClInclude Include="column.hpp">
      <Filter>ソース ファイル\完成済み</Filter>
    </ClInclude>
    <ClInclude Include="foldl.hpp">
      <Filter>ソース ファイル\完成済み</Filter>
    </ClInclude>
    <ClInclude Include="parameter_pack_library.hpp">
      <Filter>ソース ファイル</Filter>
    </ClInclude>
    <ClInclude Include="maybe_type.hpp">
      <Filter>ソース ファイル</Filter>
    </ClInclude>
    <ClInclude Include="all.hpp">
      <Filter>ソース ファイル\完成済み</Filter>
    </ClInclude>
    <ClInclude Include="any.hpp">
      <Filter>ソース ファイル\完成済み</Filter>
    </ClInclude>
    <ClInclude Include="..\Include\tupleple\utility\utility.hpp">
      <Filter>tupleple\utility</Filter>
    </ClInclude>
    <ClInclude Include="..\Include\tupleple\type_list\map.hpp">
      <Filter>tupleple\type_list</Filter>
    </ClInclude>
    <ClInclude Include="..\Include\tupleple\view\map.hpp">
      <Filter>tupleple\view</Filter>
    </ClInclude>
    <ClInclude Include="..\Include\tupleple\type_list\filter.hpp">
      <Filter>tupleple\type_list</Filter>
    </ClInclude>
    <ClInclude Include="..\Include\tupleple\type_list\cat.hpp">
      <Filter>tupleple\type_list</Filter>
    </ClInclude>
    <ClInclude Include="..\Include\tupleple\type_list\binary_fold.hpp">
      <Filter>tupleple\type_list</Filter>
    </ClInclude>
    <ClInclude Include="..\Include\tupleple\type_list\take.hpp">
      <Filter>tupleple\type_list</Filter>
    </ClInclude>
    <ClInclude Include="..\Include\tupleple\type_list\drop.hpp">
      <Filter>tupleple\type_list</Filter>
    </ClInclude>
    <ClInclude Include="..\Include\tupleple\view\drop.hpp">
      <Filter>tupleple\view</Filter>
    </ClInclude>
    <ClInclude Include="..\Include\tupleple\view\take.hpp">
      <Filter>tupleple\view</Filter>
    </ClInclude>
    <ClInclude Include="..\Include\tupleple\view\cat.hpp">
      <Filter>tupleple\view</Filter>
    </ClInclude>
    <ClInclude Include="..\Include\tupleple\algorithm\binary_fold.hpp">
      <Filter>tupleple\algorithm</Filter>
    </ClInclude>
    <ClInclude Include="..\Include\tupleple\STD_tuple_traits.hpp">
      <Filter>tupleple</Filter>
    </ClInclude>
    <ClInclude Include="..\Include\tupleple\view\filter.hpp">
      <Filter>tupleple\view</Filter>
    </ClInclude>
    <ClInclude Include="..\Include\tupleple\type_list\ListStyle.hpp">
      <Filter>tupleple\type_list</Filter>
    </ClInclude>
    <ClInclude Include="..\Include\tupleple\view\ListStyle.hpp">
      <Filter>tupleple\view</Filter>
    </ClInclude>
    <ClInclude Include="..\Include\tupleple\type_list\reverse.hpp">
      <Filter>tupleple\type_list</Filter>
    </ClInclude>
    <ClInclude Include="..\Include\tupleple\view\reverse.hpp">
      <Filter>tupleple\view</Filter>
    </ClInclude>
    <ClInclude Include="..\Include\tupleple\view\do_nothing.hpp">
      <Filter>tupleple\view</Filter>
    </ClInclude>
    <ClInclude Include="..\Include\tupleple\apply.hpp">
      <Filter>tupleple</Filter>
    </ClInclude>
    <ClInclude Include="..\Include\tupleple\parameter_pack_at.hpp">
      <Filter>tupleple</Filter>
    </ClInclude>
    <ClInclude Include="debug.h">
      <Filter>リソース ファイル</Filter>
    </ClInclude>
    <ClInclude Include="type_map.h">
      <Filter>ヘッダー ファイル</Filter>
    </ClInclude>
    <ClInclude Include="..\Include\tupleple\type_list\unique.hpp">
      <Filter>tupleple\type_list</Filter>
    </ClInclude>
    <ClInclude Include="..\Include\tupleple\type_list\in.hpp">
      <Filter>tupleple\type_list</Filter>
    </ClInclude>
    <ClInclude Include="type_hash.h">
      <Filter>ヘッダー ファイル</Filter>
    </ClInclude>
    <ClInclude Include="..\Include\tupleple\type_list\zip.hpp">
      <Filter>tupleple\type_list</Filter>
    </ClInclude>
    <ClInclude Include="type_set.h">
      <Filter>ヘッダー ファイル</Filter>
    </ClInclude>
    <ClInclude Include="..\Include\tupleple\type_list\any.hpp">
      <Filter>tupleple\type_list</Filter>
    </ClInclude>
    <ClInclude Include="..\Include\tupleple\type_list\all.hpp">
      <Filter>tupleple\type_list</Filter>
    </ClInclude>
    <ClInclude Include="container.hpp">
      <Filter>ソース ファイル</Filter>
    </ClInclude>
    <ClInclude Include="..\Include\tupleple\type_list\apply.hpp">
      <Filter>tupleple\type_list</Filter>
    </ClInclude>
    <ClInclude Include="..\Include\tupleple\type_list\size.hpp">
      <Filter>tupleple\type_list</Filter>
    </ClInclude>
    <ClInclude Include="..\Include\tupleple\type_list\at.hpp">
      <Filter>tupleple\type_list</Filter>
    </ClInclude>
    <ClInclude Include="..\Include\tupleple\index_tuple\index_sequence.hpp">
      <Filter>tupleple\index_tuple</Filter>
    </ClInclude>
    <ClInclude Include="..\Include\tupleple\index_tuple\index_TypeList.hpp">
      <Filter>tupleple\index_tuple</Filter>
    </ClInclude>
    <ClInclude Include="..\Include\tupleple\type_list\List.hpp">
      <Filter>tupleple\type_list</Filter>
    </ClInclude>
    <ClInclude Include="..\Include\tupleple\tuple_traits.hpp">
      <Filter>tupleple</Filter>
    </ClInclude>
    <ClInclude Include="..\Include\tupleple\type_list\apply_index.hpp">
      <Filter>tupleple\type_list</Filter>
    </ClInclude>
    <ClInclude Include="..\Include\tupleple\at.hpp">
      <Filter>tupleple</Filter>
    </ClInclude>
    <ClInclude Include="..\Include\tupleple\utility\mem_forward.hpp">
      <Filter>tupleple\utility</Filter>
    </ClInclude>
    <ClInclude Include="..\Include\tupleple\type_list\replicate.hpp">
      <Filter>tupleple\type_list</Filter>
    </ClInclude>
    <ClInclude Include="my_test.hpp">
      <Filter>ヘッダー ファイル</Filter>
    </ClInclude>
    <ClInclude Include="..\Include\tupleple\view\zip.hpp">
      <Filter>tupleple\view</Filter>
    </ClInclude>
    <ClInclude Include="..\Include\tupleple\view\column.hpp">
      <Filter>tupleple\view</Filter>
    </ClInclude>
    <ClInclude Include="..\Include\tupleple\algorithm\for_each.hpp">
      <Filter>tupleple\algorithm</Filter>
    </ClInclude>
    <ClInclude Include="..\Include\tupleple\utility\view_impl_helper.hpp">
      <Filter>tupleple\utility</Filter>
    </ClInclude>
    <ClInclude Include="make_overloar.h">
      <Filter>ソース ファイル</Filter>
    </ClInclude>
    <ClInclude Include="..\Include\tupleple\type_list\quick_sort.hpp">
      <Filter>tupleple\type_list</Filter>
    </ClInclude>
    <ClInclude Include="..\Include\tupleple\utility\to_typelist.hpp">
      <Filter>tupleple\utility</Filter>
    </ClInclude>
    <ClInclude Include="..\Include\tupleple\view\unique.hpp">
      <Filter>tupleple\view</Filter>
    </ClInclude>
  </ItemGroup>
  <ItemGroup>
    <None Include="..\README.md">
      <Filter>ソース ファイル</Filter>
    </None>
  </ItemGroup>
</Project>